
Microsoft Visual Studio Solution File, Format Version 12.00
# Visual Studio Version 17
VisualStudioVersion = 17.7.34221.43
MinimumVisualStudioVersion = 10.0.40219.1
Project("{9A19103F-16F7-4668-BE54-9A1E7A4F7556}") = "cpu_net", "cpu_net.csproj", "{B37BC920-50FB-467F-901F-A2788914FD50}"
EndProject
Global
	GlobalSection(SolutionConfigurationPlatforms) = preSolution
		Debug|Any CPU = Debug|Any CPU
		Release|Any CPU = Release|Any CPU
	EndGlobalSection
	GlobalSection(ProjectConfigurationPlatforms) = postSolution
		{B37BC920-50FB-467F-901F-A2788914FD50}.Debug|Any CPU.ActiveCfg = Debug|Any CPU
		{B37BC920-50FB-467F-901F-A2788914FD50}.Debug|Any CPU.Build.0 = Debug|Any CPU
		{B37BC920-50FB-467F-901F-A2788914FD50}.Release|Any CPU.ActiveCfg = Release|Any CPU
		{B37BC920-50FB-467F-901F-A2788914FD50}.Release|Any CPU.Build.0 = Release|Any CPU
	EndGlobalSection
	GlobalSection(SolutionProperties) = preSolution
		HideSolutionNode = FALSE
	EndGlobalSection
	GlobalSection(ExtensibilityGlobals) = postSolution
		SolutionGuid = {3933582F-3659-44FD-8796-5CB22420C242}
	EndGlobalSection
EndGlobal
